// !$*UTF8*$!
{
	archiveVersion = 1;
	classes = {
	};
	objectVersion = 77;
	objects = {

/* Begin PBXContainerItemProxy section */
		4A512B1D2DA9B67C00E4CBCE /* PBXContainerItemProxy */ = {
			isa = PBXContainerItemProxy;
			containerPortal = 4A512B062DA9B67A00E4CBCE /* Project object */;
			proxyType = 1;
			remoteGlobalIDString = 4A512B0D2DA9B67A00E4CBCE;
			remoteInfo = "AI-Assistant-iOS";
		};
		4A512B272DA9B67C00E4CBCE /* PBXContainerItemProxy */ = {
			isa = PBXContainerItemProxy;
			containerPortal = 4A512B062DA9B67A00E4CBCE /* Project object */;
			proxyType = 1;
			remoteGlobalIDString = 4A512B0D2DA9B67A00E4CBCE;
			remoteInfo = "AI-Assistant-iOS";
		};
/* End PBXContainerItemProxy section */

/* Begin PBXFileReference section */
		4A512B0E2DA9B67A00E4CBCE /* AI-Assistant-iOS.app */ = {isa = PBXFileReference; explicitFileType = wrapper.application; includeInIndex = 0; path = "AI-Assistant-iOS.app"; sourceTree = BUILT_PRODUCTS_DIR; };
		4A512B1C2DA9B67C00E4CBCE /* AI-Assistant-iOSTests.xctest */ = {isa = PBXFileReference; explicitFileType = wrapper.cfbundle; includeInIndex = 0; path = "AI-Assistant-iOSTests.xctest"; sourceTree = BUILT_PRODUCTS_DIR; };
		4A512B262DA9B67C00E4CBCE /* AI-Assistant-iOSUITests.xctest */ = {isa = PBXFileReference; explicitFileType = wrapper.cfbundle; includeInIndex = 0; path = "AI-Assistant-iOSUITests.xctest"; sourceTree = BUILT_PRODUCTS_DIR; };
/* End PBXFileReference section */

/* Begin PBXFileSystemSynchronizedBuildFileExceptionSet section */
		4A512B4A2DA9B80300E4CBCE /* Exceptions for "AI-Assistant-iOS" folder in "AI-Assistant-iOS" target */ = {
			isa = PBXFileSystemSynchronizedBuildFileExceptionSet;
			membershipExceptions = (
				Info.plist,
			);
			target = 4A512B0D2DA9B67A00E4CBCE /* AI-Assistant-iOS */;
		};
/* End PBXFileSystemSynchronizedBuildFileExceptionSet section */

/* Begin PBXFileSystemSynchronizedRootGroup section */
		4A512B102DA9B67A00E4CBCE /* AI-Assistant-iOS */ = {
			isa = PBXFileSystemSynchronizedRootGroup;
			exceptions = (
				4A512B4A2DA9B80300E4CBCE /* Exceptions for "AI-Assistant-iOS" folder in "AI-Assistant-iOS" target */,
			);
			path = "AI-Assistant-iOS";
			sourceTree = "<group>";
		};
		4A512B1F2DA9B67C00E4CBCE /* AI-Assistant-iOSTests */ = {
			isa = PBXFileSystemSynchronizedRootGroup;
			path = "AI-Assistant-iOSTests";
			sourceTree = "<group>";
		};
		4A512B292DA9B67C00E4CBCE /* AI-Assistant-iOSUITests */ = {
			isa = PBXFileSystemSynchronizedRootGroup;
			path = "AI-Assistant-iOSUITests";
			sourceTree = "<group>";
		};
/* End PBXFileSystemSynchronizedRootGroup section */

/* Begin PBXFrameworksBuildPhase section */
		4A512B0B2DA9B67A00E4CBCE /* Frameworks */ = {
			isa = PBXFrameworksBuildPhase;
			buildActionMask = 2147483647;
			files = (
			);
			runOnlyForDeploymentPostprocessing = 0;
		};
		4A512B192DA9B67C00E4CBCE /* Frameworks */ = {
			isa = PBXFrameworksBuildPhase;
			buildActionMask = 2147483647;
			files = (
			);
			runOnlyForDeploymentPostprocessing = 0;
		};
		4A512B232DA9B67C00E4CBCE /* Frameworks */ = {
			isa = PBXFrameworksBuildPhase;
			buildActionMask = 2147483647;
			files = (
			);
			runOnlyForDeploymentPostprocessing = 0;
		};
/* End PBXFrameworksBuildPhase section */

/* Begin PBXGroup section */
		4A512B052DA9B67A00E4CBCE = {
			isa = PBXGroup;
			children = (
				4A512B102DA9B67A00E4CBCE /* AI-Assistant-iOS */,
				4A512B1F2DA9B67C00E4CBCE /* AI-Assistant-iOSTests */,
				4A512B292DA9B67C00E4CBCE /* AI-Assistant-iOSUITests */,
				4A512B0F2DA9B67A00E4CBCE /* Products */,
			);
			sourceTree = "<group>";
		};
		4A512B0F2DA9B67A00E4CBCE /* Products */ = {
			isa = PBXGroup;
			children = (
				4A512B0E2DA9B67A00E4CBCE /* AI-Assistant-iOS.app */,
				4A512B1C2DA9B67C00E4CBCE /* AI-Assistant-iOSTests.xctest */,
				4A512B262DA9B67C00E4CBCE /* AI-Assistant-iOSUITests.xctest */,
			);
			name = Products;
			sourceTree = "<group>";
		};
/* End PBXGroup section */

/* Begin PBXNativeTarget section */
		4A512B0D2DA9B67A00E4CBCE /* AI-Assistant-iOS */ = {
			isa = PBXNativeTarget;
			buildConfigurationList = 4A512B302DA9B67C00E4CBCE /* Build configuration list for PBXNativeTarget "AI-Assistant-iOS" */;
			buildPhases = (
				4A512B0A2DA9B67A00E4CBCE /* Sources */,
				4A512B0B2DA9B67A00E4CBCE /* Frameworks */,
				4A512B0C2DA9B67A00E4CBCE /* Resources */,
			);
			buildRules = (
			);
			dependencies = (
			);
			fileSystemSynchronizedGroups = (
				4A512B102DA9B67A00E4CBCE /* AI-Assistant-iOS */,
			);
			name = "AI-Assistant-iOS";
			packageProductDependencies = (
			);
			productName = "AI-Assistant-iOS";
			productReference = 4A512B0E2DA9B67A00E4CBCE /* AI-Assistant-iOS.app */;
			productType = "com.apple.product-type.application";
		};
		4A512B1B2DA9B67C00E4CBCE /* AI-Assistant-iOSTests */ = {
			isa = PBXNativeTarget;
			buildConfigurationList = 4A512B332DA9B67C00E4CBCE /* Build configuration list for PBXNativeTarget "AI-Assistant-iOSTests" */;
			buildPhases = (
				4A512B182DA9B67C00E4CBCE /* Sources */,
				4A512B192DA9B67C00E4CBCE /* Frameworks */,
				4A512B1A2DA9B67C00E4CBCE /* Resources */,
			);
			buildRules = (
			);
			dependencies = (
				4A512B1E2DA9B67C00E4CBCE /* PBXTargetDependency */,
			);
			fileSystemSynchronizedGroups = (
				4A512B1F2DA9B67C00E4CBCE /* AI-Assistant-iOSTests */,
			);
			name = "AI-Assistant-iOSTests";
			packageProductDependencies = (
			);
			productName = "AI-Assistant-iOSTests";
			productReference = 4A512B1C2DA9B67C00E4CBCE /* AI-Assistant-iOSTests.xctest */;
			productType = "com.apple.product-type.bundle.unit-test";
		};
		4A512B252DA9B67C00E4CBCE /* AI-Assistant-iOSUITests */ = {
			isa = PBXNativeTarget;
			buildConfigurationList = 4A512B362DA9B67C00E4CBCE /* Build configuration list for PBXNativeTarget "AI-Assistant-iOSUITests" */;
			buildPhases = (
				4A512B222DA9B67C00E4CBCE /* Sources */,
				4A512B232DA9B67C00E4CBCE /* Frameworks */,
				4A512B242DA9B67C00E4CBCE /* Resources */,
			);
			buildRules = (
			);
			dependencies = (
				4A512B282DA9B67C00E4CBCE /* PBXTargetDependency */,
			);
			fileSystemSynchronizedGroups = (
				4A512B292DA9B67C00E4CBCE /* AI-Assistant-iOSUITests */,
			);
			name = "AI-Assistant-iOSUITests";
			packageProductDependencies = (
			);
			productName = "AI-Assistant-iOSUITests";
			productReference = 4A512B262DA9B67C00E4CBCE /* AI-Assistant-iOSUITests.xctest */;
			productType = "com.apple.product-type.bundle.ui-testing";
		};
/* End PBXNativeTarget section */

/* Begin PBXProject section */
		4A512B062DA9B67A00E4CBCE /* Project object */ = {
			isa = PBXProject;
			attributes = {
				BuildIndependentTargetsInParallel = 1;
				LastSwiftUpdateCheck = 1630;
				LastUpgradeCheck = 1630;
				TargetAttributes = {
					4A512B0D2DA9B67A00E4CBCE = {
						CreatedOnToolsVersion = 16.3;
					};
					4A512B1B2DA9B67C00E4CBCE = {
						CreatedOnToolsVersion = 16.3;
						TestTargetID = 4A512B0D2DA9B67A00E4CBCE;
					};
					4A512B252DA9B67C00E4CBCE = {
						CreatedOnToolsVersion = 16.3;
						TestTargetID = 4A512B0D2DA9B67A00E4CBCE;
					};
				};
			};
			buildConfigurationList = 4A512B092DA9B67A00E4CBCE /* Build configuration list for PBXProject "AI-Assistant-iOS" */;
			developmentRegion = en;
			hasScannedForEncodings = 0;
			knownRegions = (
				en,
				Base,
			);
			mainGroup = 4A512B052DA9B67A00E4CBCE;
			minimizedProjectReferenceProxies = 1;
			preferredProjectObjectVersion = 77;
			productRefGroup = 4A512B0F2DA9B67A00E4CBCE /* Products */;
			projectDirPath = "";
			projectRoot = "";
			targets = (
				4A512B0D2DA9B67A00E4CBCE /* AI-Assistant-iOS */,
				4A512B1B2DA9B67C00E4CBCE /* AI-Assistant-iOSTests */,
				4A512B252DA9B67C00E4CBCE /* AI-Assistant-iOSUITests */,
			);
		};
/* End PBXProject section */

/* Begin PBXResourcesBuildPhase section */
		4A512B0C2DA9B67A00E4CBCE /* Resources */ = {
			isa = PBXResourcesBuildPhase;
			buildActionMask = 2147483647;
			files = (
			);
			runOnlyForDeploymentPostprocessing = 0;
		};
		4A512B1A2DA9B67C00E4CBCE /* Resources */ = {
			isa = PBXResourcesBuildPhase;
			buildActionMask = 2147483647;
			files = (
			);
			runOnlyForDeploymentPostprocessing = 0;
		};
		4A512B242DA9B67C00E4CBCE /* Resources */ = {
			isa = PBXResourcesBuildPhase;
			buildActionMask = 2147483647;
			files = (
			);
			runOnlyForDeploymentPostprocessing = 0;
		};
/* End PBXResourcesBuildPhase section */

/* Begin PBXSourcesBuildPhase section */
		4A512B0A2DA9B67A00E4CBCE /* Sources */ = {
			isa = PBXSourcesBuildPhase;
			buildActionMask = 2147483647;
			files = (
			);
			runOnlyForDeploymentPostprocessing = 0;
		};
		4A512B182DA9B67C00E4CBCE /* Sources */ = {
			isa = PBXSourcesBuildPhase;
			buildActionMask = 2147483647;
			files = (
			);
			runOnlyForDeploymentPostprocessing = 0;
		};
		4A512B222DA9B67C00E4CBCE /* Sources */ = {
			isa = PBXSourcesBuildPhase;
			buildActionMask = 2147483647;
			files = (
			);
			runOnlyForDeploymentPostprocessing = 0;
		};
/* End PBXSourcesBuildPhase section */

/* Begin PBXTargetDependency section */
		4A512B1E2DA9B67C00E4CBCE /* PBXTargetDependency */ = {
			isa = PBXTargetDependency;
			target = 4A512B0D2DA9B67A00E4CBCE /* AI-Assistant-iOS */;
			targetProxy = 4A512B1D2DA9B67C00E4CBCE /* PBXContainerItemProxy */;
		};
		4A512B282DA9B67C00E4CBCE /* PBXTargetDependency */ = {
			isa = PBXTargetDependency;
			target = 4A512B0D2DA9B67A00E4CBCE /* AI-Assistant-iOS */;
			targetProxy = 4A512B272DA9B67C00E4CBCE /* PBXContainerItemProxy */;
		};
/* End PBXTargetDependency section */

/* Begin XCBuildConfiguration section */
		4A512B2E2DA9B67C00E4CBCE /* Debug */ = {
			isa = XCBuildConfiguration;
			buildSettings = {
				ALWAYS_SEARCH_USER_PATHS = NO;
				ASSETCATALOG_COMPILER_GENERATE_SWIFT_ASSET_SYMBOL_EXTENSIONS = YES;
				CLANG_ANALYZER_NONNULL = YES;
				CLANG_ANALYZER_NUMBER_OBJECT_CONVERSION = YES_AGGRESSIVE;
				CLANG_CXX_LANGUAGE_STANDARD = "gnu++20";
				CLANG_ENABLE_MODULES = YES;
				CLANG_ENABLE_OBJC_ARC = YES;
				CLANG_ENABLE_OBJC_WEAK = YES;
				CLANG_WARN_BLOCK_CAPTURE_AUTORELEASING = YES;
				CLANG_WARN_BOOL_CONVERSION = YES;
				CLANG_WARN_COMMA = YES;
				CLANG_WARN_CONSTANT_CONVERSION = YES;
				CLANG_WARN_DEPRECATED_OBJC_IMPLEMENTATIONS = YES;
				CLANG_WARN_DIRECT_OBJC_ISA_USAGE = YES_ERROR;
				CLANG_WARN_DOCUMENTATION_COMMENTS = YES;
				CLANG_WARN_EMPTY_BODY = YES;
				CLANG_WARN_ENUM_CONVERSION = YES;
				CLANG_WARN_INFINITE_RECURSION = YES;
				CLANG_WARN_INT_CONVERSION = YES;
				CLANG_WARN_NON_LITERAL_NULL_CONVERSION = YES;
				CLANG_WARN_OBJC_IMPLICIT_RETAIN_SELF = YES;
				CLANG_WARN_OBJC_LITERAL_CONVERSION = YES;
				CLANG_WARN_OBJC_ROOT_CLASS = YES_ERROR;
				CLANG_WARN_QUOTED_INCLUDE_IN_FRAMEWORK_HEADER = YES;
				CLANG_WARN_RANGE_LOOP_ANALYSIS = YES;
				CLANG_WARN_STRICT_PROTOTYPES = YES;
				CLANG_WARN_SUSPICIOUS_MOVE = YES;
				CLANG_WARN_UNGUARDED_AVAILABILITY = YES_AGGRESSIVE;
				CLANG_WARN_UNREACHABLE_CODE = YES;
				CLANG_WARN__DUPLICATE_METHOD_MATCH = YES;
				COPY_PHASE_STRIP = NO;
				DEBUG_INFORMATION_FORMAT = dwarf;
				DEVELOPMENT_TEAM = ZFTLV6JJD8;
				ENABLE_STRICT_OBJC_MSGSEND = YES;
				ENABLE_TESTABILITY = YES;
				ENABLE_USER_SCRIPT_SANDBOXING = YES;
				GCC_C_LANGUAGE_STANDARD = gnu17;
				GCC_DYNAMIC_NO_PIC = NO;
				GCC_NO_COMMON_BLOCKS = YES;
				GCC_OPTIMIZATION_LEVEL = 0;
				GCC_PREPROCESSOR_DEFINITIONS = (
					"DEBUG=1",
					"$(inherited)",
				);
				GCC_WARN_64_TO_32_BIT_CONVERSION = YES;
				GCC_WARN_ABOUT_RETURN_TYPE = YES_ERROR;
				GCC_WARN_UNDECLARED_SELECTOR = YES;
				GCC_WARN_UNINITIALIZED_AUTOS = YES_AGGRESSIVE;
				GCC_WARN_UNUSED_FUNCTION = YES;
				GCC_WARN_UNUSED_VARIABLE = YES;
				LOCALIZATION_PREFERS_STRING_CATALOGS = YES;
				MTL_ENABLE_DEBUG_INFO = INCLUDE_SOURCE;
				MTL_FAST_MATH = YES;
				ONLY_ACTIVE_ARCH = YES;
				SWIFT_ACTIVE_COMPILATION_CONDITIONS = "DEBUG $(inherited)";
				SWIFT_OPTIMIZATION_LEVEL = "-Onone";
			};
			name = Debug;
		};
		4A512B2F2DA9B67C00E4CBCE /* Release */ = {
			isa = XCBuildConfiguration;
			buildSettings = {
				ALWAYS_SEARCH_USER_PATHS = NO;
				ASSETCATALOG_COMPILER_GENERATE_SWIFT_ASSET_SYMBOL_EXTENSIONS = YES;
				CLANG_ANALYZER_NONNULL = YES;
				CLANG_ANALYZER_NUMBER_OBJECT_CONVERSION = YES_AGGRESSIVE;
				CLANG_CXX_LANGUAGE_STANDARD = "gnu++20";
				CLANG_ENABLE_MODULES = YES;
				CLANG_ENABLE_OBJC_ARC = YES;
				CLANG_ENABLE_OBJC_WEAK = YES;
				CLANG_WARN_BLOCK_CAPTURE_AUTORELEASING = YES;
				CLANG_WARN_BOOL_CONVERSION = YES;
				CLANG_WARN_COMMA = YES;
				CLANG_WARN_CONSTANT_CONVERSION = YES;
				CLANG_WARN_DEPRECATED_OBJC_IMPLEMENTATIONS = YES;
				CLANG_WARN_DIRECT_OBJC_ISA_USAGE = YES_ERROR;
				CLANG_WARN_DOCUMENTATION_COMMENTS = YES;
				CLANG_WARN_EMPTY_BODY = YES;
				CLANG_WARN_ENUM_CONVERSION = YES;
				CLANG_WARN_INFINITE_RECURSION = YES;
				CLANG_WARN_INT_CONVERSION = YES;
				CLANG_WARN_NON_LITERAL_NULL_CONVERSION = YES;
				CLANG_WARN_OBJC_IMPLICIT_RETAIN_SELF = YES;
				CLANG_WARN_OBJC_LITERAL_CONVERSION = YES;
				CLANG_WARN_OBJC_ROOT_CLASS = YES_ERROR;
				CLANG_WARN_QUOTED_INCLUDE_IN_FRAMEWORK_HEADER = YES;
				CLANG_WARN_RANGE_LOOP_ANALYSIS = YES;
				CLANG_WARN_STRICT_PROTOTYPES = YES;
				CLANG_WARN_SUSPICIOUS_MOVE = YES;
				CLANG_WARN_UNGUARDED_AVAILABILITY = YES_AGGRESSIVE;
				CLANG_WARN_UNREACHABLE_CODE = YES;
				CLANG_WARN__DUPLICATE_METHOD_MATCH = YES;
				COPY_PHASE_STRIP = NO;
				DEBUG_INFORMATION_FORMAT = "dwarf-with-dsym";
				DEVELOPMENT_TEAM = ZFTLV6JJD8;
				ENABLE_NS_ASSERTIONS = NO;
				ENABLE_STRICT_OBJC_MSGSEND = YES;
				ENABLE_USER_SCRIPT_SANDBOXING = YES;
				GCC_C_LANGUAGE_STANDARD = gnu17;
				GCC_NO_COMMON_BLOCKS = YES;
				GCC_WARN_64_TO_32_BIT_CONVERSION = YES;
				GCC_WARN_ABOUT_RETURN_TYPE = YES_ERROR;
				GCC_WARN_UNDECLARED_SELECTOR = YES;
				GCC_WARN_UNINITIALIZED_AUTOS = YES_AGGRESSIVE;
				GCC_WARN_UNUSED_FUNCTION = YES;
				GCC_WARN_UNUSED_VARIABLE = YES;
				LOCALIZATION_PREFERS_STRING_CATALOGS = YES;
				MTL_ENABLE_DEBUG_INFO = NO;
				MTL_FAST_MATH = YES;
				SWIFT_COMPILATION_MODE = wholemodule;
			};
			name = Release;
		};
		4A512B312DA9B67C00E4CBCE /* Debug */ = {
			isa = XCBuildConfiguration;
			buildSettings = {
				ASSETCATALOG_COMPILER_APPICON_NAME = AppIcon;
				ASSETCATALOG_COMPILER_GLOBAL_ACCENT_COLOR_NAME = AccentColor;
				CODE_SIGN_ENTITLEMENTS = "AI-Assistant-iOS/AI_Assistant_iOS.entitlements";
				CODE_SIGN_STYLE = Automatic;
				CURRENT_PROJECT_VERSION = 1;
				DEVELOPMENT_TEAM = ZFTLV6JJD8;
				ENABLE_HARDENED_RUNTIME = YES;
				ENABLE_PREVIEWS = YES;
				GENERATE_INFOPLIST_FILE = YES;
				INFOPLIST_FILE = "AI-Assistant-iOS/Info.plist";
				"INFOPLIST_KEY_UIApplicationSceneManifest_Generation[sdk=iphoneos*]" = YES;
				"INFOPLIST_KEY_UIApplicationSceneManifest_Generation[sdk=iphonesimulator*]" = YES;
				"INFOPLIST_KEY_UIApplicationSupportsIndirectInputEvents[sdk=iphoneos*]" = YES;
				"INFOPLIST_KEY_UIApplicationSupportsIndirectInputEvents[sdk=iphonesimulator*]" = YES;
				"INFOPLIST_KEY_UILaunchScreen_Generation[sdk=iphoneos*]" = YES;
				"INFOPLIST_KEY_UILaunchScreen_Generation[sdk=iphonesimulator*]" = YES;
				"INFOPLIST_KEY_UIStatusBarStyle[sdk=iphoneos*]" = UIStatusBarStyleDefault;
				"INFOPLIST_KEY_UIStatusBarStyle[sdk=iphonesimulator*]" = UIStatusBarStyleDefault;
				INFOPLIST_KEY_UISupportedInterfaceOrientations_iPad = "UIInterfaceOrientationPortrait UIInterfaceOrientationPortraitUpsideDown UIInterfaceOrientationLandscapeLeft UIInterfaceOrientationLandscapeRight";
				INFOPLIST_KEY_UISupportedInterfaceOrientations_iPhone = "UIInterfaceOrientationPortrait UIInterfaceOrientationLandscapeLeft UIInterfaceOrientationLandscapeRight";
				IPHONEOS_DEPLOYMENT_TARGET = 18.4;
				LD_RUNPATH_SEARCH_PATHS = "@executable_path/Frameworks";
				"LD_RUNPATH_SEARCH_PATHS[sdk=macosx*]" = "@executable_path/../Frameworks";
				MACOSX_DEPLOYMENT_TARGET = 15.3;
				MARKETING_VERSION = 1.0;
				PRODUCT_BUNDLE_IDENTIFIER = "com.shambhavi.HealthMonitor.AI-Assistant-iOS";
				PRODUCT_NAME = "$(TARGET_NAME)";
				REGISTER_APP_GROUPS = YES;
				SDKROOT = auto;
				SUPPORTED_PLATFORMS = "iphoneos iphonesimulator macosx xros xrsimulator";
				SWIFT_EMIT_LOC_STRINGS = YES;
				SWIFT_VERSION = 5.0;
				TARGETED_DEVICE_FAMILY = "1,2,7";
				XROS_DEPLOYMENT_TARGET = 2.4;
			};
			name = Debug;
		};
		4A512B322DA9B67C00E4CBCE /* Release */ = {
			isa = XCBuildConfiguration;
			buildSettings = {
				ASSETCATALOG_COMPILER_APPICON_NAME = AppIcon;
				ASSETCATALOG_COMPILER_GLOBAL_ACCENT_COLOR_NAME = AccentColor;
				CODE_SIGN_ENTITLEMENTS = "AI-Assistant-iOS/AI_Assistant_iOS.entitlements";
				CODE_SIGN_STYLE = Automatic;
				CURRENT_PROJECT_VERSION = 1;
				DEVELOPMENT_TEAM = ZFTLV6JJD8;
				ENABLE_HARDENED_RUNTIME = YES;
				ENABLE_PREVIEWS = YES;
				GENERATE_INFOPLIST_FILE = YES;
				INFOPLIST_FILE = "AI-Assistant-iOS/Info.plist";
				"INFOPLIST_KEY_UIApplicationSceneManifest_Generation[sdk=iphoneos*]" = YES;
				"INFOPLIST_KEY_UIApplicationSceneManifest_Generation[sdk=iphonesimulator*]" = YES;
				"INFOPLIST_KEY_UIApplicationSupportsIndirectInputEvents[sdk=iphoneos*]" = YES;
				"INFOPLIST_KEY_UIApplicationSupportsIndirectInputEvents[sdk=iphonesimulator*]" = YES;
				"INFOPLIST_KEY_UILaunchScreen_Generation[sdk=iphoneos*]" = YES;
				"INFOPLIST_KEY_UILaunchScreen_Generation[sdk=iphonesimulator*]" = YES;
				"INFOPLIST_KEY_UIStatusBarStyle[sdk=iphoneos*]" = UIStatusBarStyleDefault;
				"INFOPLIST_KEY_UIStatusBarStyle[sdk=iphonesimulator*]" = UIStatusBarStyleDefault;
				INFOPLIST_KEY_UISupportedInterfaceOrientations_iPad = "UIInterfaceOrientationPortrait UIInterfaceOrientationPortraitUpsideDown UIInterfaceOrientationLandscapeLeft UIInterfaceOrientationLandscapeRight";
				INFOPLIST_KEY_UISupportedInterfaceOrientations_iPhone = "UIInterfaceOrientationPortrait UIInterfaceOrientationLandscapeLeft UIInterfaceOrientationLandscapeRight";
				IPHONEOS_DEPLOYMENT_TARGET = 18.4;
				LD_RUNPATH_SEARCH_PATHS = "@executable_path/Frameworks";
				"LD_RUNPATH_SEARCH_PATHS[sdk=macosx*]" = "@executable_path/../Frameworks";
				MACOSX_DEPLOYMENT_TARGET = 15.3;
				MARKETING_VERSION = 1.0;
				PRODUCT_BUNDLE_IDENTIFIER = "com.shambhavi.HealthMonitor.AI-Assistant-iOS";
				PRODUCT_NAME = "$(TARGET_NAME)";
				REGISTER_APP_GROUPS = YES;
				SDKROOT = auto;
				SUPPORTED_PLATFORMS = "iphoneos iphonesimulator macosx xros xrsimulator";
				SWIFT_EMIT_LOC_STRINGS = YES;
				SWIFT_VERSION = 5.0;
				TARGETED_DEVICE_FAMILY = "1,2,7";
				XROS_DEPLOYMENT_TARGET = 2.4;
			};
			name = Release;
		};
		4A512B342DA9B67C00E4CBCE /* Debug */ = {
			isa = XCBuildConfiguration;
			buildSettings = {
				BUNDLE_LOADER = "$(TEST_HOST)";
				CODE_SIGN_STYLE = Automatic;
				CURRENT_PROJECT_VERSION = 1;
				DEVELOPMENT_TEAM = ZFTLV6JJD8;
				GENERATE_INFOPLIST_FILE = YES;
				IPHONEOS_DEPLOYMENT_TARGET = 18.4;
				MACOSX_DEPLOYMENT_TARGET = 15.3;
				MARKETING_VERSION = 1.0;
				PRODUCT_BUNDLE_IDENTIFIER = "com.shambhavi.HealthMonitor.AI-Assistant-iOSTests";
				PRODUCT_NAME = "$(TARGET_NAME)";
				SDKROOT = auto;
				SUPPORTED_PLATFORMS = "iphoneos iphonesimulator macosx xros xrsimulator";
				SWIFT_EMIT_LOC_STRINGS = NO;
				SWIFT_VERSION = 5.0;
				TARGETED_DEVICE_FAMILY = "1,2,7";
				TEST_HOST = "$(BUILT_PRODUCTS_DIR)/AI-Assistant-iOS.app/$(BUNDLE_EXECUTABLE_FOLDER_PATH)/AI-Assistant-iOS";
				XROS_DEPLOYMENT_TARGET = 2.4;
			};
			name = Debug;
		};
		4A512B352DA9B67C00E4CBCE /* Release */ = {
			isa = XCBuildConfiguration;
			buildSettings = {
				BUNDLE_LOADER = "$(TEST_HOST)";
				CODE_SIGN_STYLE = Automatic;
				CURRENT_PROJECT_VERSION = 1;
				DEVELOPMENT_TEAM = ZFTLV6JJD8;
				GENERATE_INFOPLIST_FILE = YES;
				IPHONEOS_DEPLOYMENT_TARGET = 18.4;
				MACOSX_DEPLOYMENT_TARGET = 15.3;
				MARKETING_VERSION = 1.0;
				PRODUCT_BUNDLE_IDENTIFIER = "com.shambhavi.HealthMonitor.AI-Assistant-iOSTests";
				PRODUCT_NAME = "$(TARGET_NAME)";
				SDKROOT = auto;
				SUPPORTED_PLATFORMS = "iphoneos iphonesimulator macosx xros xrsimulator";
				SWIFT_EMIT_LOC_STRINGS = NO;
				SWIFT_VERSION = 5.0;
				TARGETED_DEVICE_FAMILY = "1,2,7";
				TEST_HOST = "$(BUILT_PRODUCTS_DIR)/AI-Assistant-iOS.app/$(BUNDLE_EXECUTABLE_FOLDER_PATH)/AI-Assistant-iOS";
				XROS_DEPLOYMENT_TARGET = 2.4;
			};
			name = Release;
		};
		4A512B372DA9B67C00E4CBCE /* Debug */ = {
			isa = XCBuildConfiguration;
			buildSettings = {
				CODE_SIGN_STYLE = Automatic;
				CURRENT_PROJECT_VERSION = 1;
				DEVELOPMENT_TEAM = ZFTLV6JJD8;
				GENERATE_INFOPLIST_FILE = YES;
				IPHONEOS_DEPLOYMENT_TARGET = 18.4;
				MACOSX_DEPLOYMENT_TARGET = 15.3;
				MARKETING_VERSION = 1.0;
				PRODUCT_BUNDLE_IDENTIFIER = "com.shambhavi.HealthMonitor.AI-Assistant-iOSUITests";
				PRODUCT_NAME = "$(TARGET_NAME)";
				SDKROOT = auto;
				SUPPORTED_PLATFORMS = "iphoneos iphonesimulator macosx xros xrsimulator";
				SWIFT_EMIT_LOC_STRINGS = NO;
				SWIFT_VERSION = 5.0;
				TARGETED_DEVICE_FAMILY = "1,2,7";
				TEST_TARGET_NAME = "AI-Assistant-iOS";
				XROS_DEPLOYMENT_TARGET = 2.4;
			};
			name = Debug;
		};
		4A512B382DA9B67C00E4CBCE /* Release */ = {
			isa = XCBuildConfiguration;
			buildSettings = {
				CODE_SIGN_STYLE = Automatic;
				CURRENT_PROJECT_VERSION = 1;
				DEVELOPMENT_TEAM = ZFTLV6JJD8;
				GENERATE_INFOPLIST_FILE = YES;
				IPHONEOS_DEPLOYMENT_TARGET = 18.4;
				MACOSX_DEPLOYMENT_TARGET = 15.3;
				MARKETING_VERSION = 1.0;
				PRODUCT_BUNDLE_IDENTIFIER = "com.shambhavi.HealthMonitor.AI-Assistant-iOSUITests";
				PRODUCT_NAME = "$(TARGET_NAME)";
				SDKROOT = auto;
				SUPPORTED_PLATFORMS = "iphoneos iphonesimulator macosx xros xrsimulator";
				SWIFT_EMIT_LOC_STRINGS = NO;
				SWIFT_VERSION = 5.0;
				TARGETED_DEVICE_FAMILY = "1,2,7";
				TEST_TARGET_NAME = "AI-Assistant-iOS";
				XROS_DEPLOYMENT_TARGET = 2.4;
			};
			name = Release;
		};
/* End XCBuildConfiguration section */

/* Begin XCConfigurationList section */
		4A512B092DA9B67A00E4CBCE /* Build configuration list for PBXProject "AI-Assistant-iOS" */ = {
			isa = XCConfigurationList;
			buildConfigurations = (
				4A512B2E2DA9B67C00E4CBCE /* Debug */,
				4A512B2F2DA9B67C00E4CBCE /* Release */,
			);
			defaultConfigurationIsVisible = 0;
			defaultConfigurationName = Release;
		};
		4A512B302DA9B67C00E4CBCE /* Build configuration list for PBXNativeTarget "AI-Assistant-iOS" */ = {
			isa = XCConfigurationList;
			buildConfigurations = (
				4A512B312DA9B67C00E4CBCE /* Debug */,
				4A512B322DA9B67C00E4CBCE /* Release */,
			);
			defaultConfigurationIsVisible = 0;
			defaultConfigurationName = Release;
		};
		4A512B332DA9B67C00E4CBCE /* Build configuration list for PBXNativeTarget "AI-Assistant-iOSTests" */ = {
			isa = XCConfigurationList;
			buildConfigurations = (
				4A512B342DA9B67C00E4CBCE /* Debug */,
				4A512B352DA9B67C00E4CBCE /* Release */,
			);
			defaultConfigurationIsVisible = 0;
			defaultConfigurationName = Release;
		};
		4A512B362DA9B67C00E4CBCE /* Build configuration list for PBXNativeTarget "AI-Assistant-iOSUITests" */ = {
			isa = XCConfigurationList;
			buildConfigurations = (
				4A512B372DA9B67C00E4CBCE /* Debug */,
				4A512B382DA9B67C00E4CBCE /* Release */,
			);
			defaultConfigurationIsVisible = 0;
			defaultConfigurationName = Release;
		};
/* End XCConfigurationList section */
	};
	rootObject = 4A512B062DA9B67A00E4CBCE /* Project object */;
}
